
Microsoft Visual Studio Solution File, Format Version 12.00
# Visual Studio 14
VisualStudioVersion = 14.0.24720.0
MinimumVisualStudioVersion = 10.0.40219.1
Project("{FAE04EC0-301F-11D3-BF4B-00C04F79EFBC}") = "MyCalculatorVersion1", "MyCalculatorv1\MyCalculatorVersion1.csproj", "{9C8DF237-3BDA-4E41-82EC-E73B868EB15B}"
EndProject
Project("{FAE04EC0-301F-11D3-BF4B-00C04F79EFBC}") = "MyCalculatorTest", "MyCalculatorTest\MyCalculatorTest.csproj", "{DC0FED82-C2E5-4E7F-BFD1-B5F527E5F9BB}"
EndProject
Global
	GlobalSection(SolutionConfigurationPlatforms) = preSolution
		Debug|Any CPU = Debug|Any CPU
		Release|Any CPU = Release|Any CPU
	EndGlobalSection
	GlobalSection(ProjectConfigurationPlatforms) = postSolution
		{9C8DF237-3BDA-4E41-82EC-E73B868EB15B}.Debug|Any CPU.ActiveCfg = Debug|Any CPU
		{9C8DF237-3BDA-4E41-82EC-E73B868EB15B}.Debug|Any CPU.Build.0 = Debug|Any CPU
		{9C8DF237-3BDA-4E41-82EC-E73B868EB15B}.Release|Any CPU.ActiveCfg = Release|Any CPU
		{9C8DF237-3BDA-4E41-82EC-E73B868EB15B}.Release|Any CPU.Build.0 = Release|Any CPU
		{DC0FED82-C2E5-4E7F-BFD1-B5F527E5F9BB}.Debug|Any CPU.ActiveCfg = Debug|Any CPU
		{DC0FED82-C2E5-4E7F-BFD1-B5F527E5F9BB}.Debug|Any CPU.Build.0 = Debug|Any CPU
		{DC0FED82-C2E5-4E7F-BFD1-B5F527E5F9BB}.Release|Any CPU.ActiveCfg = Release|Any CPU
		{DC0FED82-C2E5-4E7F-BFD1-B5F527E5F9BB}.Release|Any CPU.Build.0 = Release|Any CPU
	EndGlobalSection
	GlobalSection(SolutionProperties) = preSolution
		HideSolutionNode = FALSE
	EndGlobalSection
EndGlobal
